{
  "version": 4,
  "terraform_version": "1.9.7",
  "serial": 43,
  "lineage": "a47e37ea-20b9-8cfb-a7ec-605f4168fa1f",
  "outputs": {},
  "resources": [
    {
      "mode": "managed",
      "type": "docker_container",
      "name": "mysql",
      "provider": "provider[\"registry.terraform.io/kreuzwerker/docker\"]",
      "instances": [
        {
          "schema_version": 2,
          "attributes": {
            "attach": false,
            "bridge": "",
            "capabilities": [],
            "cgroupns_mode": null,
            "command": [
              "mysqld"
            ],
            "container_logs": null,
            "container_read_refresh_timeout_milliseconds": 15000,
            "cpu_set": "",
            "cpu_shares": 0,
            "destroy_grace_seconds": null,
            "devices": [],
            "dns": null,
            "dns_opts": null,
            "dns_search": null,
            "domainname": "",
            "entrypoint": [
              "docker-entrypoint.sh"
            ],
            "env": [
              "MYSQL_DATABASE=wordpress",
              "MYSQL_PASSWORD=1YafFO3b5eGUp1LU",
              "MYSQL_ROOT_HOST=%",
              "MYSQL_ROOT_PASSWORD=y7kxPvW0vc0w3QOP",
              "MYSQL_USER=wordpress"
            ],
            "exit_code": null,
            "gpus": null,
            "group_add": null,
            "healthcheck": null,
            "host": [],
            "hostname": "b97ef02ceea8",
            "id": "b97ef02ceea88f5e409418f948d3a6e1a8999f100c79ae9cc2a1a7cb5316e6e2",
            "image": "sha256:f742bd39cd6b457c890bfb3761fe201d69508a68d832c0caebdb6bac3df5e60f",
            "init": false,
            "ipc_mode": "private",
            "labels": [],
            "log_driver": "json-file",
            "log_opts": null,
            "logs": false,
            "max_retry_count": 0,
            "memory": 0,
            "memory_swap": 0,
            "mounts": [],
            "must_run": true,
            "name": "mysql",
            "network_data": [
              {
                "gateway": "172.17.0.1",
                "global_ipv6_address": "",
                "global_ipv6_prefix_length": 0,
                "ip_address": "172.17.0.2",
                "ip_prefix_length": 16,
                "ipv6_gateway": "",
                "network_name": "bridge"
              }
            ],
            "network_mode": "bridge",
            "networks_advanced": [],
            "pid_mode": "",
            "ports": [
              {
                "external": 3306,
                "internal": 3306,
                "ip": "127.0.0.1",
                "protocol": "tcp"
              }
            ],
            "privileged": false,
            "publish_all_ports": false,
            "read_only": false,
            "remove_volumes": true,
            "restart": "always",
            "rm": false,
            "runtime": "runc",
            "security_opts": [],
            "shm_size": 64,
            "start": true,
            "stdin_open": false,
            "stop_signal": "",
            "stop_timeout": 0,
            "storage_opts": null,
            "sysctls": null,
            "tmpfs": null,
            "tty": false,
            "ulimit": [],
            "upload": [],
            "user": "",
            "userns_mode": "",
            "volumes": [],
            "wait": false,
            "wait_timeout": 60,
            "working_dir": "/"
          },
          "sensitive_attributes": [
            [
              {
                "type": "get_attr",
                "value": "env"
              }
            ]
          ],
          "private": "eyJzY2hlbWFfdmVyc2lvbiI6IjIifQ==",
          "dependencies": [
            "docker_image.mysql_image",
            "random_password.mysql_password",
            "random_password.root_password"
          ]
        }
      ]
    },
    {
      "mode": "managed",
      "type": "docker_image",
      "name": "mysql_image",
      "provider": "provider[\"registry.terraform.io/kreuzwerker/docker\"]",
      "instances": [
        {
          "schema_version": 0,
          "attributes": {
            "build": [],
            "force_remove": null,
            "id": "sha256:f742bd39cd6b457c890bfb3761fe201d69508a68d832c0caebdb6bac3df5e60fmysql:8",
            "image_id": "sha256:f742bd39cd6b457c890bfb3761fe201d69508a68d832c0caebdb6bac3df5e60f",
            "keep_locally": false,
            "name": "mysql:8",
            "platform": null,
            "pull_triggers": null,
            "repo_digest": "mysql@sha256:ac80b6e09e5b12b4f9d5cd4f6425e43464247aa4ba4f6169da5daf59e5877f7d",
            "triggers": null
          },
          "sensitive_attributes": [],
          "private": "bnVsbA=="
        }
      ]
    },
    {
      "mode": "managed",
      "type": "random_password",
      "name": "mysql_password",
      "provider": "provider[\"registry.terraform.io/hashicorp/random\"]",
      "instances": [
        {
          "schema_version": 3,
          "attributes": {
            "bcrypt_hash": "$2a$10$llgo.8YgPj3z0ZHsda1GZO18xCEb/e8o9H0JjogrMP/HZPwmRc3HW",
            "id": "none",
            "keepers": null,
            "length": 16,
            "lower": true,
            "min_lower": 1,
            "min_numeric": 1,
            "min_special": 0,
            "min_upper": 1,
            "number": true,
            "numeric": true,
            "override_special": null,
            "result": "1YafFO3b5eGUp1LU",
            "special": false,
            "upper": true
          },
          "sensitive_attributes": [
            [
              {
                "type": "get_attr",
                "value": "result"
              }
            ],
            [
              {
                "type": "get_attr",
                "value": "bcrypt_hash"
              }
            ]
          ]
        }
      ]
    },
    {
      "mode": "managed",
      "type": "random_password",
      "name": "root_password",
      "provider": "provider[\"registry.terraform.io/hashicorp/random\"]",
      "instances": [
        {
          "schema_version": 3,
          "attributes": {
            "bcrypt_hash": "$2a$10$Sl5XIg5IzwSGTdXp8cU/NeXWDdZ33bq9GQ1xriGFpzdSL50Vf6NZO",
            "id": "none",
            "keepers": null,
            "length": 16,
            "lower": true,
            "min_lower": 1,
            "min_numeric": 1,
            "min_special": 0,
            "min_upper": 1,
            "number": true,
            "numeric": true,
            "override_special": null,
            "result": "y7kxPvW0vc0w3QOP",
            "special": false,
            "upper": true
          },
          "sensitive_attributes": [
            [
              {
                "type": "get_attr",
                "value": "bcrypt_hash"
              }
            ],
            [
              {
                "type": "get_attr",
                "value": "result"
              }
            ]
          ]
        }
      ]
    }
  ],
  "check_results": null
}
